// !$*UTF8*$!
{
	archiveVersion = 1;
	classes = {
	};
	objectVersion = 77;
	objects = {

/* Begin PBXBuildFile section */
		017190099DE2F81C3A1BB925 /* ModelInfoTests.swift in Sources */ = {isa = PBXBuildFile; fileRef = 421B7828BBD2ABDEC4FE49DE /* ModelInfoTests.swift */; };
		056D8A1F1E97FCF836F063CA /* SiriIntentTests.swift in Sources */ = {isa = PBXBuildFile; fileRef = 5AF3A9A88F44B2EF6FFA0E0F /* SiriIntentTests.swift */; };
		0653E513A9C37836627EB7E9 /* ChatView+Subviews.swift in Sources */ = {isa = PBXBuildFile; fileRef = 5B0538A80DD26EE46308E9A5 /* ChatView+Subviews.swift */; };
		067DBF200EB87D7549511017 /* ChatViewModel+MessageHandling.swift in Sources */ = {isa = PBXBuildFile; fileRef = B593D0DE636E5F3A4E63D35D /* ChatViewModel+MessageHandling.swift */; };
		0D85BD28C66B4AD418A1E85A /* SpeechServiceProtocol.swift in Sources */ = {isa = PBXBuildFile; fileRef = 579BB15D96E1C547EF35CC3D /* SpeechServiceProtocol.swift */; };
		0F65F0CDED684A8919E3A5CF /* SessionManagerMigrationTests.swift in Sources */ = {isa = PBXBuildFile; fileRef = FA24E90C06ACD14A3337C972 /* SessionManagerMigrationTests.swift */; };
		10866FB271B0DA46D352AE87 /* ChatViewModelEdgeCaseTests.swift in Sources */ = {isa = PBXBuildFile; fileRef = 5D7E658BAC653E5BC6301B1D /* ChatViewModelEdgeCaseTests.swift */; };
		1634999F0F030CDEFE9A206C /* CalendarActionControllerTests.swift in Sources */ = {isa = PBXBuildFile; fileRef = 30F66EB8E67D9C99294EEFC4 /* CalendarActionControllerTests.swift */; };
		1E9EBF96B88F7976BF0A58E4 /* MockSessionManager.swift in Sources */ = {isa = PBXBuildFile; fileRef = 419A531854066E5D9E4432DD /* MockSessionManager.swift */; };
		20BAF5E20E31B5A67A76066E /* MockCalendarService.swift in Sources */ = {isa = PBXBuildFile; fileRef = 94023D4777FF38FC1EEDE46E /* MockCalendarService.swift */; };
		21E8B7C0C64A6388563776BF /* AskPocketMindIntent.swift in Sources */ = {isa = PBXBuildFile; fileRef = 7640B8A1C564B17C9131D052 /* AskPocketMindIntent.swift */; };
		21EDCEE9D48E81CFF779C036 /* ChatViewModelSuggestedPromptsTests.swift in Sources */ = {isa = PBXBuildFile; fileRef = 6FBB70463BB7202D5160D06D /* ChatViewModelSuggestedPromptsTests.swift */; };
		22DD8B453E83D972404B1141 /* SpeechService.swift in Sources */ = {isa = PBXBuildFile; fileRef = A17BC5ED3E99AB927128B538 /* SpeechService.swift */; };
		268F3CCC33CF4B86F016B5AD /* PocketMindShortcuts.swift in Sources */ = {isa = PBXBuildFile; fileRef = 100196F990B4C26BC3C25D3F /* PocketMindShortcuts.swift */; };
		26ED0B1C3F7A06AB8EC47347 /* LlamaActor.swift in Sources */ = {isa = PBXBuildFile; fileRef = 44FC344FDFAF785764D46852 /* LlamaActor.swift */; };
		29AF9C1644EB1DBA9EC822A5 /* OnboardingView.swift in Sources */ = {isa = PBXBuildFile; fileRef = B4F8CCE8E6FB28347D93C869 /* OnboardingView.swift */; };
		2CF8FEFCFDA6BAFD7F44C21B /* ChatConstants.swift in Sources */ = {isa = PBXBuildFile; fileRef = FC203F3AE416391220185070 /* ChatConstants.swift */; };
		2D31B4AB8844CE2CC3FA03E1 /* CalendarActionControllerHelpersTests.swift in Sources */ = {isa = PBXBuildFile; fileRef = 91E12757A477B3FF90610706 /* CalendarActionControllerHelpersTests.swift */; };
		2EC95E8574DAEECF027620DD /* ConflictDetailSheet.swift in Sources */ = {isa = PBXBuildFile; fileRef = 0FC1A7BED055E8911E379967 /* ConflictDetailSheet.swift */; };
		30C27172EEDDEFEDA9024C39 /* SuggestedPromptsView.swift in Sources */ = {isa = PBXBuildFile; fileRef = B0EAE2B8ED67E6015F975408 /* SuggestedPromptsView.swift */; };
		3729B6D0AF8163910802B64A /* HapticServiceProtocolTests.swift in Sources */ = {isa = PBXBuildFile; fileRef = B9A0D2C0FFE1AA189D2DF325 /* HapticServiceProtocolTests.swift */; };
		38613A4E38E15A30F0E15449 /* LLMServiceProtocol.swift in Sources */ = {isa = PBXBuildFile; fileRef = 6D4ADCAA29604B5AC274F060 /* LLMServiceProtocol.swift */; };
		3981175B8F90E3B1BBEC297D /* CalendarActionPill.swift in Sources */ = {isa = PBXBuildFile; fileRef = BA58CD3241A9D95315BF9196 /* CalendarActionPill.swift */; };
		3A09F44096102E4C913E6902 /* ToastView.swift in Sources */ = {isa = PBXBuildFile; fileRef = 80EB1F543172F8F1C5871341 /* ToastView.swift */; };
		3A2FEE9193A6769FE13D4027 /* CalendarActionModels.swift in Sources */ = {isa = PBXBuildFile; fileRef = 7131BAE76DD35CC9E41BE33E /* CalendarActionModels.swift */; };
		3CF42EB63B7B6FCBE27AD9A7 /* ChatViewModelMessageHandlingTests.swift in Sources */ = {isa = PBXBuildFile; fileRef = D84C1E4AC57BAD6C32B91758 /* ChatViewModelMessageHandlingTests.swift */; };
		3D71FD1AC59971853AC53B14 /* CalendarEventCard.swift in Sources */ = {isa = PBXBuildFile; fileRef = 722836196C99E28F75C58B9A /* CalendarEventCard.swift */; };
		4A58AC0F867DF8A7A811A85D /* PocketMindApp.swift in Sources */ = {isa = PBXBuildFile; fileRef = 78BF7EEADC2A6E48DB74F5E9 /* PocketMindApp.swift */; };
		4D49FAA4655A3B1CB99DBF76 /* AppDelegate.swift in Sources */ = {isa = PBXBuildFile; fileRef = 085CE14DBB4AE5EE7F561219 /* AppDelegate.swift */; };
		4D9A3A3F26324F74BA3105A3 /* ChatView.swift in Sources */ = {isa = PBXBuildFile; fileRef = 23E71755F4423670B08C5890 /* ChatView.swift */; };
		4FE49E5414C9BF35D5D39E03 /* DesignConstants.swift in Sources */ = {isa = PBXBuildFile; fileRef = 5B46BEF3C5A881C6F37E0197 /* DesignConstants.swift */; };
		5115B3615E96F147E77E1793 /* LLMServiceProtocolTests.swift in Sources */ = {isa = PBXBuildFile; fileRef = F4FA54C25CA274D1725CA203 /* LLMServiceProtocolTests.swift */; };
		520DB96749326B45B22F49C8 /* MockAppSettings.swift in Sources */ = {isa = PBXBuildFile; fileRef = 7DEAD89CA22611B2DA24DBEF /* MockAppSettings.swift */; };
		5232063AC36F4876D694A89D /* SessionListViewModel.swift in Sources */ = {isa = PBXBuildFile; fileRef = B05ECCBA8E2B48FCBA957FEC /* SessionListViewModel.swift */; };
		529DEEEE2E49F6FD86F8AD2D /* ConflictResolutionTests.swift in Sources */ = {isa = PBXBuildFile; fileRef = 550872B16205503B4BCE4FAA /* ConflictResolutionTests.swift */; };
		53DE1688C46CF73D276726AF /* MockModelDownloader.swift in Sources */ = {isa = PBXBuildFile; fileRef = 4D3166E60D4B3CF0051EEE08 /* MockModelDownloader.swift */; };
		554C40156A320AC04E291AEE /* CalendarDomainTypesTests.swift in Sources */ = {isa = PBXBuildFile; fileRef = 1BCC2F0FDB961A8C83EF65C6 /* CalendarDomainTypesTests.swift */; };
		573DE30FB5E1F48175825B86 /* ChatMessage.swift in Sources */ = {isa = PBXBuildFile; fileRef = 101B77275AB89E3FA4DE37C9 /* ChatMessage.swift */; };
		57DDE7836359DA32F1BFF161 /* ModelDownloadView.swift in Sources */ = {isa = PBXBuildFile; fileRef = 571F2AB04B35CA5F7570E1CD /* ModelDownloadView.swift */; };
		597E2E6176442FDE6FAF99CD /* OnboardingCarouselView.swift in Sources */ = {isa = PBXBuildFile; fileRef = B6FA46FBE6ABFD92E753D500 /* OnboardingCarouselView.swift */; };
		5A174F4502C64FC6535170A2 /* ModelDownloader.swift in Sources */ = {isa = PBXBuildFile; fileRef = CBA7D82AF887DCB8B5DD5FD6 /* ModelDownloader.swift */; };
		5CE3EEF4B7967FEF6D0CDE0F /* ModelDownloadViewModelTests.swift in Sources */ = {isa = PBXBuildFile; fileRef = 1F85334EDFEC8E4B15028C3A /* ModelDownloadViewModelTests.swift */; };
		601AAD971476A146EA5E10D5 /* ChatHistoryManagerTests.swift in Sources */ = {isa = PBXBuildFile; fileRef = 67BC9AE3151EB8450507B61C /* ChatHistoryManagerTests.swift */; };
		61B26B4499723F89FA4482BC /* CalendarConfirmationTests.swift in Sources */ = {isa = PBXBuildFile; fileRef = 708913205767C519517EFF20 /* CalendarConfirmationTests.swift */; };
		6763616F470DA3FF5A2DAEFF /* ChatMessageTests.swift in Sources */ = {isa = PBXBuildFile; fileRef = E7E8187D2E299E73374D3166 /* ChatMessageTests.swift */; };
		68E25BC8D2B5153FBCA73601 /* CalendarFreeSlotEngineTests.swift in Sources */ = {isa = PBXBuildFile; fileRef = 3FC8CFBD786A8733ADC00B75 /* CalendarFreeSlotEngineTests.swift */; };
		68EFEE10CA6D6CAF754FD74A /* ModelDownloadViewModel.swift in Sources */ = {isa = PBXBuildFile; fileRef = 48A715E93E5DD1F8CC56C896 /* ModelDownloadViewModel.swift */; };
		6A132CF41A20258F746B8CD5 /* LLMService.swift in Sources */ = {isa = PBXBuildFile; fileRef = B1037B4EA77CF451D9319998 /* LLMService.swift */; };
		6D98D3562341380303569896 /* ChatViewModel+SystemPrompt.swift in Sources */ = {isa = PBXBuildFile; fileRef = 21310A093FE63A08D3D1314E /* ChatViewModel+SystemPrompt.swift */; };
		6E71EBE2DE405A9C62CDC87A /* ModelInfo.swift in Sources */ = {isa = PBXBuildFile; fileRef = CEF981EFA6472ACC7A4EAC6E /* ModelInfo.swift */; };
		7189EF0A399097DCFF16C0F6 /* MockLLMService.swift in Sources */ = {isa = PBXBuildFile; fileRef = 99DFD84F401E95BCFA8FA710 /* MockLLMService.swift */; };
		7FD1A8EB03C6602E234B46A7 /* AppSettingsTests.swift in Sources */ = {isa = PBXBuildFile; fileRef = E52E3FBE9B7F8FB587B81E07 /* AppSettingsTests.swift */; };
		81424EB1A8D27DE59BDA6711 /* CalendarServiceProtocol.swift in Sources */ = {isa = PBXBuildFile; fileRef = 7FE470DBD0E3313C49495D23 /* CalendarServiceProtocol.swift */; };
		8776E75C7D7B970EDBD3839E /* ChatViewModel+SuggestedPrompts.swift in Sources */ = {isa = PBXBuildFile; fileRef = E2388FFFB16E84FC57B39B65 /* ChatViewModel+SuggestedPrompts.swift */; };
		8DDD7EC34B7FC9EEB09F3AF9 /* ViewSmokeTests.swift in Sources */ = {isa = PBXBuildFile; fileRef = 52A9413BED870888AC318A48 /* ViewSmokeTests.swift */; };
		8E992579DACB482D55CB45E6 /* ThinkingDisclosure.swift in Sources */ = {isa = PBXBuildFile; fileRef = D4797A688FBD64A2C9FA9189 /* ThinkingDisclosure.swift */; };
		8EDF62074A60DDCB037EFC53 /* ChatViewModel+CalendarConfirmation.swift in Sources */ = {isa = PBXBuildFile; fileRef = 1F6F18037F7D32711DD9812B /* ChatViewModel+CalendarConfirmation.swift */; };
		906F5D6C4C38916E11A2E8E7 /* CalendarEventCard+Pending.swift in Sources */ = {isa = PBXBuildFile; fileRef = FDA07612EEFA0F90E9EB9382 /* CalendarEventCard+Pending.swift */; };
		90F821364EC9DE5B6091C8A6 /* ContentView.swift in Sources */ = {isa = PBXBuildFile; fileRef = 979CF042BA43DF068D6BA427 /* ContentView.swift */; };
		926042D74A107BB25DFFA344 /* CalendarError.swift in Sources */ = {isa = PBXBuildFile; fileRef = A97819085F2403622E5D281A /* CalendarError.swift */; };
		969B8DD5A0DCF602F43C9AB0 /* AppSettings.swift in Sources */ = {isa = PBXBuildFile; fileRef = CE3A60B92E0F13DEFC19126F /* AppSettings.swift */; };
		996FB291E8A13725D7B6050D /* CalendarActionController+Helpers.swift in Sources */ = {isa = PBXBuildFile; fileRef = EC654F731E3CDD545C1EBF48 /* CalendarActionController+Helpers.swift */; };
		9CFDCFB95D5F27EDAF4BF3BC /* DeleteCalendarEventIntent.swift in Sources */ = {isa = PBXBuildFile; fileRef = FBF9C42766A8F03EB449F566 /* DeleteCalendarEventIntent.swift */; };
		A1AA0FDDE97BCF0CB6F1AE80 /* llama in Frameworks */ = {isa = PBXBuildFile; productRef = B668BB645B31666F0197D789 /* llama */; };
		A3C93B45B8009FED37A10B9F /* CalendarFreeSlotIntegrationTests.swift in Sources */ = {isa = PBXBuildFile; fileRef = D3874BCAC6AA47CED220E769 /* CalendarFreeSlotIntegrationTests.swift */; };
		A49F828336DE087919543E16 /* SettingsViewModel.swift in Sources */ = {isa = PBXBuildFile; fileRef = 95AC9C8A5BA25C38328688EB /* SettingsViewModel.swift */; };
		A5C77BCA78790115E658B337 /* CalendarService.swift in Sources */ = {isa = PBXBuildFile; fileRef = 9EAA5A7FB227DCCA6BACB25C /* CalendarService.swift */; };
		A783372E3A6B9481B83A1321 /* BulkDeletionBar.swift in Sources */ = {isa = PBXBuildFile; fileRef = 81C28CF37163D73F425B2A11 /* BulkDeletionBar.swift */; };
		AF97A59E372AEA310DE4977E /* CalendarEventListCard.swift in Sources */ = {isa = PBXBuildFile; fileRef = 3CCFB720E7470B942D0E9FCF /* CalendarEventListCard.swift */; };
		B12902D6ADBD80A907F7F9C2 /* ChatSession.swift in Sources */ = {isa = PBXBuildFile; fileRef = 835BD8A24AFB478DEA8B6AF6 /* ChatSession.swift */; };
		B731530A7072A37D22A7B7B7 /* CreateEventSheet.swift in Sources */ = {isa = PBXBuildFile; fileRef = EB97E8CCF9E7AC2547764C87 /* CreateEventSheet.swift */; };
		B7ECE3E7A8DDB6246FA44134 /* HapticService.swift in Sources */ = {isa = PBXBuildFile; fileRef = 89223E5E2E51426BF499376F /* HapticService.swift */; };
		BB116DAEF827E61A46D747E5 /* SettingsViewModelTests.swift in Sources */ = {isa = PBXBuildFile; fileRef = 592DDB922C3872F1E5FE3E2F /* SettingsViewModelTests.swift */; };
		C033C2F0B82EDB5CEC33DC7B /* ChatViewModel.swift in Sources */ = {isa = PBXBuildFile; fileRef = B3BF69D3177D4BBE17CC1D1F /* ChatViewModel.swift */; };
		C527E8CB5A979BDF1B29A51B /* CalendarActionController.swift in Sources */ = {isa = PBXBuildFile; fileRef = F0635F653727C5FC7632B651 /* CalendarActionController.swift */; };
		CAEF4586AAEA36B0C863D27E /* SessionListViewModelCalendarTests.swift in Sources */ = {isa = PBXBuildFile; fileRef = CDF18FB60111EA76894666C7 /* SessionListViewModelCalendarTests.swift */; };
		D34B0AE50035193B5A471056 /* SiriPendingEventTests.swift in Sources */ = {isa = PBXBuildFile; fileRef = 319D9E3FEE6EA868D5389F08 /* SiriPendingEventTests.swift */; };
		D4B0FE3DD67176C2E52DF474 /* SessionManagerTests.swift in Sources */ = {isa = PBXBuildFile; fileRef = 225C2CED08860E986B07CC66 /* SessionManagerTests.swift */; };
		D8071441B02EAC6D21FD5DF4 /* CalendarEventCard+Subviews.swift in Sources */ = {isa = PBXBuildFile; fileRef = 6BD77AB35272C34A93243F4F /* CalendarEventCard+Subviews.swift */; };
		D8AA6370CAF98BE9F55733A3 /* SettingsView.swift in Sources */ = {isa = PBXBuildFile; fileRef = 929E991CDFEEBC85C42D0EC6 /* SettingsView.swift */; };
		D98B4DB26D9A600448AFBDB4 /* SnapshotTests.swift in Sources */ = {isa = PBXBuildFile; fileRef = E48D63B17A7DB85CD907E6B5 /* SnapshotTests.swift */; };
		DB4ECE27A3F80A715C94E696 /* SessionListViewModelTests.swift in Sources */ = {isa = PBXBuildFile; fileRef = 9AB525B84070359088E650A2 /* SessionListViewModelTests.swift */; };
		DBD2DA7E4CF201196C9B3D82 /* SessionListView.swift in Sources */ = {isa = PBXBuildFile; fileRef = 3293F52DCB45E22040CC1500 /* SessionListView.swift */; };
		DCD7844CFE3F3C559225633C /* ChatHistoryManager.swift in Sources */ = {isa = PBXBuildFile; fileRef = 16BCD27C5A1EDDD649A3DF5C /* ChatHistoryManager.swift */; };
		DDEE306A7A5BEFDFFB1E912B /* ChatViewModelSystemPromptTests.swift in Sources */ = {isa = PBXBuildFile; fileRef = 39263A906F2BCD8731C48571 /* ChatViewModelSystemPromptTests.swift */; };
		E42449B54D7950415655003F /* ChatViewModelTests.swift in Sources */ = {isa = PBXBuildFile; fileRef = 48DC3E33EC485EEECF12DB8B /* ChatViewModelTests.swift */; };
		E46A32B6AA3CD28B24852703 /* CalendarFreeSlotEngine.swift in Sources */ = {isa = PBXBuildFile; fileRef = BBDC7018784BC5A1605E15C8 /* CalendarFreeSlotEngine.swift */; };
		E60BBB9F2EC8E0523DC6DFB2 /* SnapshotTesting in Frameworks */ = {isa = PBXBuildFile; productRef = 93427C78368A8A8C5B86F73F /* SnapshotTesting */; };
		E7D13B3D910E7EE43046D1F3 /* SessionManager.swift in Sources */ = {isa = PBXBuildFile; fileRef = 0BB1BC9F65292E2F7F1CCE17 /* SessionManager.swift */; };
		E838880E9B61E243583DCE3A /* MockHapticService.swift in Sources */ = {isa = PBXBuildFile; fileRef = A8B46DCC91A680D2C593E5BA /* MockHapticService.swift */; };
		E8E19CC42B403C1212B1DB15 /* MockCalendarActionController.swift in Sources */ = {isa = PBXBuildFile; fileRef = FF5B7A052A7A4BC30FCA13DE /* MockCalendarActionController.swift */; };
		EB26AEB1E89D0B19172AC92E /* PendingCalendarUpdateTests.swift in Sources */ = {isa = PBXBuildFile; fileRef = C841C5C8E45A829724806E0B /* PendingCalendarUpdateTests.swift */; };
		EDF99C8D3D97091419B46DE8 /* LLMConstantsTests.swift in Sources */ = {isa = PBXBuildFile; fileRef = 194B1FF4C7B0BB31CDC9D486 /* LLMConstantsTests.swift */; };
		F53FB960C47B3F9085D694D2 /* Assets.xcassets in Resources */ = {isa = PBXBuildFile; fileRef = 79D226E65D59DA01784FEC0C /* Assets.xcassets */; };
		F56928345943FBAED3001A0B /* MockSpeechService.swift in Sources */ = {isa = PBXBuildFile; fileRef = 2C64AD4CE1465131B306ABDD /* MockSpeechService.swift */; };
		F842A52D4959258BEF69889D /* AppSettingsProtocol.swift in Sources */ = {isa = PBXBuildFile; fileRef = 5B3698E8DB08F7CF6C3BCBBB /* AppSettingsProtocol.swift */; };
		F9484C88F0637E07F846649D /* MessageBubbleView.swift in Sources */ = {isa = PBXBuildFile; fileRef = 003B25C43CBE913DF321F18A /* MessageBubbleView.swift */; };
		FB2281032EBDBDD8B8D8E193 /* MockChatHistoryManager.swift in Sources */ = {isa = PBXBuildFile; fileRef = 17D791390BF749084622EDDB /* MockChatHistoryManager.swift */; };
		FD187CBC9CB71912A906AF74 /* DesignConstantsTests.swift in Sources */ = {isa = PBXBuildFile; fileRef = 975CE4DB52746FB7B7F2A6B5 /* DesignConstantsTests.swift */; };
		FE5EE4637EB6383122F9A17C /* CalendarQueryResultCard.swift in Sources */ = {isa = PBXBuildFile; fileRef = FEC6F0AF069907CCCB456FE5 /* CalendarQueryResultCard.swift */; };
/* End PBXBuildFile section */

/* Begin PBXContainerItemProxy section */
		6F2387FF6022A86ADA1806D0 /* PBXContainerItemProxy */ = {
			isa = PBXContainerItemProxy;
			containerPortal = 6D1E71B52054D88B58BBE3A8 /* Project object */;
			proxyType = 1;
			remoteGlobalIDString = 1D0CA2ECB46D2B4FDA80A257;
			remoteInfo = PocketMind;
		};
/* End PBXContainerItemProxy section */

/* Begin PBXFileReference section */
		003B25C43CBE913DF321F18A /* MessageBubbleView.swift */ = {isa = PBXFileReference; lastKnownFileType = sourcecode.swift; path = MessageBubbleView.swift; sourceTree = "<group>"; };
		085CE14DBB4AE5EE7F561219 /* AppDelegate.swift */ = {isa = PBXFileReference; lastKnownFileType = sourcecode.swift; path = AppDelegate.swift; sourceTree = "<group>"; };
		0BB1BC9F65292E2F7F1CCE17 /* SessionManager.swift */ = {isa = PBXFileReference; lastKnownFileType = sourcecode.swift; path = SessionManager.swift; sourceTree = "<group>"; };
		0FC1A7BED055E8911E379967 /* ConflictDetailSheet.swift */ = {isa = PBXFileReference; lastKnownFileType = sourcecode.swift; path = ConflictDetailSheet.swift; sourceTree = "<group>"; };
		100196F990B4C26BC3C25D3F /* PocketMindShortcuts.swift */ = {isa = PBXFileReference; lastKnownFileType = sourcecode.swift; path = PocketMindShortcuts.swift; sourceTree = "<group>"; };
		101B77275AB89E3FA4DE37C9 /* ChatMessage.swift */ = {isa = PBXFileReference; lastKnownFileType = sourcecode.swift; path = ChatMessage.swift; sourceTree = "<group>"; };
		16BCD27C5A1EDDD649A3DF5C /* ChatHistoryManager.swift */ = {isa = PBXFileReference; lastKnownFileType = sourcecode.swift; path = ChatHistoryManager.swift; sourceTree = "<group>"; };
		17D791390BF749084622EDDB /* MockChatHistoryManager.swift */ = {isa = PBXFileReference; lastKnownFileType = sourcecode.swift; path = MockChatHistoryManager.swift; sourceTree = "<group>"; };
		194B1FF4C7B0BB31CDC9D486 /* LLMConstantsTests.swift */ = {isa = PBXFileReference; lastKnownFileType = sourcecode.swift; path = LLMConstantsTests.swift; sourceTree = "<group>"; };
		1BCC2F0FDB961A8C83EF65C6 /* CalendarDomainTypesTests.swift */ = {isa = PBXFileReference; lastKnownFileType = sourcecode.swift; path = CalendarDomainTypesTests.swift; sourceTree = "<group>"; };
		1F6F18037F7D32711DD9812B /* ChatViewModel+CalendarConfirmation.swift */ = {isa = PBXFileReference; lastKnownFileType = sourcecode.swift; path = "ChatViewModel+CalendarConfirmation.swift"; sourceTree = "<group>"; };
		1F85334EDFEC8E4B15028C3A /* ModelDownloadViewModelTests.swift */ = {isa = PBXFileReference; lastKnownFileType = sourcecode.swift; path = ModelDownloadViewModelTests.swift; sourceTree = "<group>"; };
		20D1938C8D8FEC836DF1C154 /* Info.plist */ = {isa = PBXFileReference; lastKnownFileType = text.plist; path = Info.plist; sourceTree = "<group>"; };
		21310A093FE63A08D3D1314E /* ChatViewModel+SystemPrompt.swift */ = {isa = PBXFileReference; lastKnownFileType = sourcecode.swift; path = "ChatViewModel+SystemPrompt.swift"; sourceTree = "<group>"; };
		225C2CED08860E986B07CC66 /* SessionManagerTests.swift */ = {isa = PBXFileReference; lastKnownFileType = sourcecode.swift; path = SessionManagerTests.swift; sourceTree = "<group>"; };
		23E71755F4423670B08C5890 /* ChatView.swift */ = {isa = PBXFileReference; lastKnownFileType = sourcecode.swift; path = ChatView.swift; sourceTree = "<group>"; };
		2C64AD4CE1465131B306ABDD /* MockSpeechService.swift */ = {isa = PBXFileReference; lastKnownFileType = sourcecode.swift; path = MockSpeechService.swift; sourceTree = "<group>"; };
		30F66EB8E67D9C99294EEFC4 /* CalendarActionControllerTests.swift */ = {isa = PBXFileReference; lastKnownFileType = sourcecode.swift; path = CalendarActionControllerTests.swift; sourceTree = "<group>"; };
		319D9E3FEE6EA868D5389F08 /* SiriPendingEventTests.swift */ = {isa = PBXFileReference; lastKnownFileType = sourcecode.swift; path = SiriPendingEventTests.swift; sourceTree = "<group>"; };
		3293F52DCB45E22040CC1500 /* SessionListView.swift */ = {isa = PBXFileReference; lastKnownFileType = sourcecode.swift; path = SessionListView.swift; sourceTree = "<group>"; };
		39263A906F2BCD8731C48571 /* ChatViewModelSystemPromptTests.swift */ = {isa = PBXFileReference; lastKnownFileType = sourcecode.swift; path = ChatViewModelSystemPromptTests.swift; sourceTree = "<group>"; };
		3CCFB720E7470B942D0E9FCF /* CalendarEventListCard.swift */ = {isa = PBXFileReference; lastKnownFileType = sourcecode.swift; path = CalendarEventListCard.swift; sourceTree = "<group>"; };
		3FC8CFBD786A8733ADC00B75 /* CalendarFreeSlotEngineTests.swift */ = {isa = PBXFileReference; lastKnownFileType = sourcecode.swift; path = CalendarFreeSlotEngineTests.swift; sourceTree = "<group>"; };
		419A531854066E5D9E4432DD /* MockSessionManager.swift */ = {isa = PBXFileReference; lastKnownFileType = sourcecode.swift; path = MockSessionManager.swift; sourceTree = "<group>"; };
		421B7828BBD2ABDEC4FE49DE /* ModelInfoTests.swift */ = {isa = PBXFileReference; lastKnownFileType = sourcecode.swift; path = ModelInfoTests.swift; sourceTree = "<group>"; };
		44FC344FDFAF785764D46852 /* LlamaActor.swift */ = {isa = PBXFileReference; lastKnownFileType = sourcecode.swift; path = LlamaActor.swift; sourceTree = "<group>"; };
		48A715E93E5DD1F8CC56C896 /* ModelDownloadViewModel.swift */ = {isa = PBXFileReference; lastKnownFileType = sourcecode.swift; path = ModelDownloadViewModel.swift; sourceTree = "<group>"; };
		48DC3E33EC485EEECF12DB8B /* ChatViewModelTests.swift */ = {isa = PBXFileReference; lastKnownFileType = sourcecode.swift; path = ChatViewModelTests.swift; sourceTree = "<group>"; };
		496CEA815F3CE084AE84F4DB /* PocketMindTests.xctest */ = {isa = PBXFileReference; includeInIndex = 0; lastKnownFileType = wrapper.cfbundle; path = PocketMindTests.xctest; sourceTree = BUILT_PRODUCTS_DIR; };
		49E04EAFE1FBCE1DC1F74067 /* PocketMind.entitlements */ = {isa = PBXFileReference; lastKnownFileType = text.plist.entitlements; path = PocketMind.entitlements; sourceTree = "<group>"; };
		4D3166E60D4B3CF0051EEE08 /* MockModelDownloader.swift */ = {isa = PBXFileReference; lastKnownFileType = sourcecode.swift; path = MockModelDownloader.swift; sourceTree = "<group>"; };
		52A9413BED870888AC318A48 /* ViewSmokeTests.swift */ = {isa = PBXFileReference; lastKnownFileType = sourcecode.swift; path = ViewSmokeTests.swift; sourceTree = "<group>"; };
		550872B16205503B4BCE4FAA /* ConflictResolutionTests.swift */ = {isa = PBXFileReference; lastKnownFileType = sourcecode.swift; path = ConflictResolutionTests.swift; sourceTree = "<group>"; };
		571F2AB04B35CA5F7570E1CD /* ModelDownloadView.swift */ = {isa = PBXFileReference; lastKnownFileType = sourcecode.swift; path = ModelDownloadView.swift; sourceTree = "<group>"; };
		579BB15D96E1C547EF35CC3D /* SpeechServiceProtocol.swift */ = {isa = PBXFileReference; lastKnownFileType = sourcecode.swift; path = SpeechServiceProtocol.swift; sourceTree = "<group>"; };
		592DDB922C3872F1E5FE3E2F /* SettingsViewModelTests.swift */ = {isa = PBXFileReference; lastKnownFileType = sourcecode.swift; path = SettingsViewModelTests.swift; sourceTree = "<group>"; };
		5AF3A9A88F44B2EF6FFA0E0F /* SiriIntentTests.swift */ = {isa = PBXFileReference; lastKnownFileType = sourcecode.swift; path = SiriIntentTests.swift; sourceTree = "<group>"; };
		5B0538A80DD26EE46308E9A5 /* ChatView+Subviews.swift */ = {isa = PBXFileReference; lastKnownFileType = sourcecode.swift; path = "ChatView+Subviews.swift"; sourceTree = "<group>"; };
		5B3698E8DB08F7CF6C3BCBBB /* AppSettingsProtocol.swift */ = {isa = PBXFileReference; lastKnownFileType = sourcecode.swift; path = AppSettingsProtocol.swift; sourceTree = "<group>"; };
		5B46BEF3C5A881C6F37E0197 /* DesignConstants.swift */ = {isa = PBXFileReference; lastKnownFileType = sourcecode.swift; path = DesignConstants.swift; sourceTree = "<group>"; };
		5D7E658BAC653E5BC6301B1D /* ChatViewModelEdgeCaseTests.swift */ = {isa = PBXFileReference; lastKnownFileType = sourcecode.swift; path = ChatViewModelEdgeCaseTests.swift; sourceTree = "<group>"; };
		67BC9AE3151EB8450507B61C /* ChatHistoryManagerTests.swift */ = {isa = PBXFileReference; lastKnownFileType = sourcecode.swift; path = ChatHistoryManagerTests.swift; sourceTree = "<group>"; };
		6BD77AB35272C34A93243F4F /* CalendarEventCard+Subviews.swift */ = {isa = PBXFileReference; lastKnownFileType = sourcecode.swift; path = "CalendarEventCard+Subviews.swift"; sourceTree = "<group>"; };
		6D4ADCAA29604B5AC274F060 /* LLMServiceProtocol.swift */ = {isa = PBXFileReference; lastKnownFileType = sourcecode.swift; path = LLMServiceProtocol.swift; sourceTree = "<group>"; };
		6FBB70463BB7202D5160D06D /* ChatViewModelSuggestedPromptsTests.swift */ = {isa = PBXFileReference; lastKnownFileType = sourcecode.swift; path = ChatViewModelSuggestedPromptsTests.swift; sourceTree = "<group>"; };
		708913205767C519517EFF20 /* CalendarConfirmationTests.swift */ = {isa = PBXFileReference; lastKnownFileType = sourcecode.swift; path = CalendarConfirmationTests.swift; sourceTree = "<group>"; };
		7131BAE76DD35CC9E41BE33E /* CalendarActionModels.swift */ = {isa = PBXFileReference; lastKnownFileType = sourcecode.swift; path = CalendarActionModels.swift; sourceTree = "<group>"; };
		722836196C99E28F75C58B9A /* CalendarEventCard.swift */ = {isa = PBXFileReference; lastKnownFileType = sourcecode.swift; path = CalendarEventCard.swift; sourceTree = "<group>"; };
		7640B8A1C564B17C9131D052 /* AskPocketMindIntent.swift */ = {isa = PBXFileReference; lastKnownFileType = sourcecode.swift; path = AskPocketMindIntent.swift; sourceTree = "<group>"; };
		78BF7EEADC2A6E48DB74F5E9 /* PocketMindApp.swift */ = {isa = PBXFileReference; lastKnownFileType = sourcecode.swift; path = PocketMindApp.swift; sourceTree = "<group>"; };
		79D226E65D59DA01784FEC0C /* Assets.xcassets */ = {isa = PBXFileReference; lastKnownFileType = folder.assetcatalog; path = Assets.xcassets; sourceTree = "<group>"; };
		7DEAD89CA22611B2DA24DBEF /* MockAppSettings.swift */ = {isa = PBXFileReference; lastKnownFileType = sourcecode.swift; path = MockAppSettings.swift; sourceTree = "<group>"; };
		7FE470DBD0E3313C49495D23 /* CalendarServiceProtocol.swift */ = {isa = PBXFileReference; lastKnownFileType = sourcecode.swift; path = CalendarServiceProtocol.swift; sourceTree = "<group>"; };
		80EB1F543172F8F1C5871341 /* ToastView.swift */ = {isa = PBXFileReference; lastKnownFileType = sourcecode.swift; path = ToastView.swift; sourceTree = "<group>"; };
		81C28CF37163D73F425B2A11 /* BulkDeletionBar.swift */ = {isa = PBXFileReference; lastKnownFileType = sourcecode.swift; path = BulkDeletionBar.swift; sourceTree = "<group>"; };
		835BD8A24AFB478DEA8B6AF6 /* ChatSession.swift */ = {isa = PBXFileReference; lastKnownFileType = sourcecode.swift; path = ChatSession.swift; sourceTree = "<group>"; };
		89223E5E2E51426BF499376F /* HapticService.swift */ = {isa = PBXFileReference; lastKnownFileType = sourcecode.swift; path = HapticService.swift; sourceTree = "<group>"; };
		91E12757A477B3FF90610706 /* CalendarActionControllerHelpersTests.swift */ = {isa = PBXFileReference; lastKnownFileType = sourcecode.swift; path = CalendarActionControllerHelpersTests.swift; sourceTree = "<group>"; };
		929E991CDFEEBC85C42D0EC6 /* SettingsView.swift */ = {isa = PBXFileReference; lastKnownFileType = sourcecode.swift; path = SettingsView.swift; sourceTree = "<group>"; };
		94023D4777FF38FC1EEDE46E /* MockCalendarService.swift */ = {isa = PBXFileReference; lastKnownFileType = sourcecode.swift; path = MockCalendarService.swift; sourceTree = "<group>"; };
		95AC9C8A5BA25C38328688EB /* SettingsViewModel.swift */ = {isa = PBXFileReference; lastKnownFileType = sourcecode.swift; path = SettingsViewModel.swift; sourceTree = "<group>"; };
		975CE4DB52746FB7B7F2A6B5 /* DesignConstantsTests.swift */ = {isa = PBXFileReference; lastKnownFileType = sourcecode.swift; path = DesignConstantsTests.swift; sourceTree = "<group>"; };
		979CF042BA43DF068D6BA427 /* ContentView.swift */ = {isa = PBXFileReference; lastKnownFileType = sourcecode.swift; path = ContentView.swift; sourceTree = "<group>"; };
		99DFD84F401E95BCFA8FA710 /* MockLLMService.swift */ = {isa = PBXFileReference; lastKnownFileType = sourcecode.swift; path = MockLLMService.swift; sourceTree = "<group>"; };
		9AB525B84070359088E650A2 /* SessionListViewModelTests.swift */ = {isa = PBXFileReference; lastKnownFileType = sourcecode.swift; path = SessionListViewModelTests.swift; sourceTree = "<group>"; };
		9EAA5A7FB227DCCA6BACB25C /* CalendarService.swift */ = {isa = PBXFileReference; lastKnownFileType = sourcecode.swift; path = CalendarService.swift; sourceTree = "<group>"; };
		A17BC5ED3E99AB927128B538 /* SpeechService.swift */ = {isa = PBXFileReference; lastKnownFileType = sourcecode.swift; path = SpeechService.swift; sourceTree = "<group>"; };
		A4B0F3E8F8E1E64ABEA02380 /* llama */ = {isa = PBXFileReference; lastKnownFileType = folder; name = llama; path = Packages/llama; sourceTree = SOURCE_ROOT; };
		A8B46DCC91A680D2C593E5BA /* MockHapticService.swift */ = {isa = PBXFileReference; lastKnownFileType = sourcecode.swift; path = MockHapticService.swift; sourceTree = "<group>"; };
		A97819085F2403622E5D281A /* CalendarError.swift */ = {isa = PBXFileReference; lastKnownFileType = sourcecode.swift; path = CalendarError.swift; sourceTree = "<group>"; };
		AC62D105304C003E0302B09B /* PocketMind.app */ = {isa = PBXFileReference; includeInIndex = 0; lastKnownFileType = wrapper.application; path = PocketMind.app; sourceTree = BUILT_PRODUCTS_DIR; };
		B05ECCBA8E2B48FCBA957FEC /* SessionListViewModel.swift */ = {isa = PBXFileReference; lastKnownFileType = sourcecode.swift; path = SessionListViewModel.swift; sourceTree = "<group>"; };
		B0EAE2B8ED67E6015F975408 /* SuggestedPromptsView.swift */ = {isa = PBXFileReference; lastKnownFileType = sourcecode.swift; path = SuggestedPromptsView.swift; sourceTree = "<group>"; };
		B1037B4EA77CF451D9319998 /* LLMService.swift */ = {isa = PBXFileReference; lastKnownFileType = sourcecode.swift; path = LLMService.swift; sourceTree = "<group>"; };
		B3BF69D3177D4BBE17CC1D1F /* ChatViewModel.swift */ = {isa = PBXFileReference; lastKnownFileType = sourcecode.swift; path = ChatViewModel.swift; sourceTree = "<group>"; };
		B4F8CCE8E6FB28347D93C869 /* OnboardingView.swift */ = {isa = PBXFileReference; lastKnownFileType = sourcecode.swift; path = OnboardingView.swift; sourceTree = "<group>"; };
		B593D0DE636E5F3A4E63D35D /* ChatViewModel+MessageHandling.swift */ = {isa = PBXFileReference; lastKnownFileType = sourcecode.swift; path = "ChatViewModel+MessageHandling.swift"; sourceTree = "<group>"; };
		B6FA46FBE6ABFD92E753D500 /* OnboardingCarouselView.swift */ = {isa = PBXFileReference; lastKnownFileType = sourcecode.swift; path = OnboardingCarouselView.swift; sourceTree = "<group>"; };
		B9A0D2C0FFE1AA189D2DF325 /* HapticServiceProtocolTests.swift */ = {isa = PBXFileReference; lastKnownFileType = sourcecode.swift; path = HapticServiceProtocolTests.swift; sourceTree = "<group>"; };
		BA58CD3241A9D95315BF9196 /* CalendarActionPill.swift */ = {isa = PBXFileReference; lastKnownFileType = sourcecode.swift; path = CalendarActionPill.swift; sourceTree = "<group>"; };
		BBDC7018784BC5A1605E15C8 /* CalendarFreeSlotEngine.swift */ = {isa = PBXFileReference; lastKnownFileType = sourcecode.swift; path = CalendarFreeSlotEngine.swift; sourceTree = "<group>"; };
		C841C5C8E45A829724806E0B /* PendingCalendarUpdateTests.swift */ = {isa = PBXFileReference; lastKnownFileType = sourcecode.swift; path = PendingCalendarUpdateTests.swift; sourceTree = "<group>"; };
		CBA7D82AF887DCB8B5DD5FD6 /* ModelDownloader.swift */ = {isa = PBXFileReference; lastKnownFileType = sourcecode.swift; path = ModelDownloader.swift; sourceTree = "<group>"; };
		CDF18FB60111EA76894666C7 /* SessionListViewModelCalendarTests.swift */ = {isa = PBXFileReference; lastKnownFileType = sourcecode.swift; path = SessionListViewModelCalendarTests.swift; sourceTree = "<group>"; };
		CE3A60B92E0F13DEFC19126F /* AppSettings.swift */ = {isa = PBXFileReference; lastKnownFileType = sourcecode.swift; path = AppSettings.swift; sourceTree = "<group>"; };
		CEF981EFA6472ACC7A4EAC6E /* ModelInfo.swift */ = {isa = PBXFileReference; lastKnownFileType = sourcecode.swift; path = ModelInfo.swift; sourceTree = "<group>"; };
		D3874BCAC6AA47CED220E769 /* CalendarFreeSlotIntegrationTests.swift */ = {isa = PBXFileReference; lastKnownFileType = sourcecode.swift; path = CalendarFreeSlotIntegrationTests.swift; sourceTree = "<group>"; };
		D4797A688FBD64A2C9FA9189 /* ThinkingDisclosure.swift */ = {isa = PBXFileReference; lastKnownFileType = sourcecode.swift; path = ThinkingDisclosure.swift; sourceTree = "<group>"; };
		D84C1E4AC57BAD6C32B91758 /* ChatViewModelMessageHandlingTests.swift */ = {isa = PBXFileReference; lastKnownFileType = sourcecode.swift; path = ChatViewModelMessageHandlingTests.swift; sourceTree = "<group>"; };
		E2388FFFB16E84FC57B39B65 /* ChatViewModel+SuggestedPrompts.swift */ = {isa = PBXFileReference; lastKnownFileType = sourcecode.swift; path = "ChatViewModel+SuggestedPrompts.swift"; sourceTree = "<group>"; };
		E48D63B17A7DB85CD907E6B5 /* SnapshotTests.swift */ = {isa = PBXFileReference; lastKnownFileType = sourcecode.swift; path = SnapshotTests.swift; sourceTree = "<group>"; };
		E52E3FBE9B7F8FB587B81E07 /* AppSettingsTests.swift */ = {isa = PBXFileReference; lastKnownFileType = sourcecode.swift; path = AppSettingsTests.swift; sourceTree = "<group>"; };
		E7E8187D2E299E73374D3166 /* ChatMessageTests.swift */ = {isa = PBXFileReference; lastKnownFileType = sourcecode.swift; path = ChatMessageTests.swift; sourceTree = "<group>"; };
		EB97E8CCF9E7AC2547764C87 /* CreateEventSheet.swift */ = {isa = PBXFileReference; lastKnownFileType = sourcecode.swift; path = CreateEventSheet.swift; sourceTree = "<group>"; };
		EC654F731E3CDD545C1EBF48 /* CalendarActionController+Helpers.swift */ = {isa = PBXFileReference; lastKnownFileType = sourcecode.swift; path = "CalendarActionController+Helpers.swift"; sourceTree = "<group>"; };
		F0635F653727C5FC7632B651 /* CalendarActionController.swift */ = {isa = PBXFileReference; lastKnownFileType = sourcecode.swift; path = CalendarActionController.swift; sourceTree = "<group>"; };
		F4FA54C25CA274D1725CA203 /* LLMServiceProtocolTests.swift */ = {isa = PBXFileReference; lastKnownFileType = sourcecode.swift; path = LLMServiceProtocolTests.swift; sourceTree = "<group>"; };
		FA24E90C06ACD14A3337C972 /* SessionManagerMigrationTests.swift */ = {isa = PBXFileReference; lastKnownFileType = sourcecode.swift; path = SessionManagerMigrationTests.swift; sourceTree = "<group>"; };
		FBF9C42766A8F03EB449F566 /* DeleteCalendarEventIntent.swift */ = {isa = PBXFileReference; lastKnownFileType = sourcecode.swift; path = DeleteCalendarEventIntent.swift; sourceTree = "<group>"; };
		FC203F3AE416391220185070 /* ChatConstants.swift */ = {isa = PBXFileReference; lastKnownFileType = sourcecode.swift; path = ChatConstants.swift; sourceTree = "<group>"; };
		FDA07612EEFA0F90E9EB9382 /* CalendarEventCard+Pending.swift */ = {isa = PBXFileReference; lastKnownFileType = sourcecode.swift; path = "CalendarEventCard+Pending.swift"; sourceTree = "<group>"; };
		FEC6F0AF069907CCCB456FE5 /* CalendarQueryResultCard.swift */ = {isa = PBXFileReference; lastKnownFileType = sourcecode.swift; path = CalendarQueryResultCard.swift; sourceTree = "<group>"; };
		FF5B7A052A7A4BC30FCA13DE /* MockCalendarActionController.swift */ = {isa = PBXFileReference; lastKnownFileType = sourcecode.swift; path = MockCalendarActionController.swift; sourceTree = "<group>"; };
/* End PBXFileReference section */

/* Begin PBXFrameworksBuildPhase section */
		2DF541C3B272B1925C46463B /* Frameworks */ = {
			isa = PBXFrameworksBuildPhase;
			buildActionMask = 2147483647;
			files = (
				E60BBB9F2EC8E0523DC6DFB2 /* SnapshotTesting in Frameworks */,
			);
			runOnlyForDeploymentPostprocessing = 0;
		};
		35179A794DF841764282CE7A /* Frameworks */ = {
			isa = PBXFrameworksBuildPhase;
			buildActionMask = 2147483647;
			files = (
				A1AA0FDDE97BCF0CB6F1AE80 /* llama in Frameworks */,
			);
			runOnlyForDeploymentPostprocessing = 0;
		};
/* End PBXFrameworksBuildPhase section */

/* Begin PBXGroup section */
		0A48CC053D6CA75C57D4094D /* Packages */ = {
			isa = PBXGroup;
			children = (
				A4B0F3E8F8E1E64ABEA02380 /* llama */,
			);
			path = Packages;
			sourceTree = "<group>";
		};
		38B25B0EF8375FC325BBA43F /* Products */ = {
			isa = PBXGroup;
			children = (
				AC62D105304C003E0302B09B /* PocketMind.app */,
				496CEA815F3CE084AE84F4DB /* PocketMindTests.xctest */,
			);
			name = Products;
			sourceTree = "<group>";
		};
		546DECE501C8E6EAFE45121D /* Sources */ = {
			isa = PBXGroup;
			children = (
				79D226E65D59DA01784FEC0C /* Assets.xcassets */,
				7CE9164A8F29CBDADB3424B1 /* App */,
				D30B8770031AEA305FA9C343 /* Intents */,
				C47944E80F82BD4C105EADE5 /* Models */,
				69D8FC4E84C106F99609AEB7 /* Services */,
				E0F487E0CB185CC6A2389E88 /* ViewModels */,
				9917BE9AF71E65193EC9734A /* Views */,
			);
			path = Sources;
			sourceTree = "<group>";
		};
		69D8FC4E84C106F99609AEB7 /* Services */ = {
			isa = PBXGroup;
			children = (
				F0635F653727C5FC7632B651 /* CalendarActionController.swift */,
				EC654F731E3CDD545C1EBF48 /* CalendarActionController+Helpers.swift */,
				A97819085F2403622E5D281A /* CalendarError.swift */,
				BBDC7018784BC5A1605E15C8 /* CalendarFreeSlotEngine.swift */,
				9EAA5A7FB227DCCA6BACB25C /* CalendarService.swift */,
				7FE470DBD0E3313C49495D23 /* CalendarServiceProtocol.swift */,
				16BCD27C5A1EDDD649A3DF5C /* ChatHistoryManager.swift */,
				89223E5E2E51426BF499376F /* HapticService.swift */,
				44FC344FDFAF785764D46852 /* LlamaActor.swift */,
				B1037B4EA77CF451D9319998 /* LLMService.swift */,
				6D4ADCAA29604B5AC274F060 /* LLMServiceProtocol.swift */,
				CBA7D82AF887DCB8B5DD5FD6 /* ModelDownloader.swift */,
				0BB1BC9F65292E2F7F1CCE17 /* SessionManager.swift */,
				A17BC5ED3E99AB927128B538 /* SpeechService.swift */,
				579BB15D96E1C547EF35CC3D /* SpeechServiceProtocol.swift */,
			);
			path = Services;
			sourceTree = "<group>";
		};
		7CE9164A8F29CBDADB3424B1 /* App */ = {
			isa = PBXGroup;
			children = (
				085CE14DBB4AE5EE7F561219 /* AppDelegate.swift */,
				979CF042BA43DF068D6BA427 /* ContentView.swift */,
				20D1938C8D8FEC836DF1C154 /* Info.plist */,
				49E04EAFE1FBCE1DC1F74067 /* PocketMind.entitlements */,
				78BF7EEADC2A6E48DB74F5E9 /* PocketMindApp.swift */,
			);
			path = App;
			sourceTree = "<group>";
		};
		7D5F28ADCF9EA56741A8AD0C /* Tests */ = {
			isa = PBXGroup;
			children = (
				E52E3FBE9B7F8FB587B81E07 /* AppSettingsTests.swift */,
				91E12757A477B3FF90610706 /* CalendarActionControllerHelpersTests.swift */,
				30F66EB8E67D9C99294EEFC4 /* CalendarActionControllerTests.swift */,
				708913205767C519517EFF20 /* CalendarConfirmationTests.swift */,
				1BCC2F0FDB961A8C83EF65C6 /* CalendarDomainTypesTests.swift */,
				3FC8CFBD786A8733ADC00B75 /* CalendarFreeSlotEngineTests.swift */,
				D3874BCAC6AA47CED220E769 /* CalendarFreeSlotIntegrationTests.swift */,
				67BC9AE3151EB8450507B61C /* ChatHistoryManagerTests.swift */,
				E7E8187D2E299E73374D3166 /* ChatMessageTests.swift */,
				5D7E658BAC653E5BC6301B1D /* ChatViewModelEdgeCaseTests.swift */,
				D84C1E4AC57BAD6C32B91758 /* ChatViewModelMessageHandlingTests.swift */,
				6FBB70463BB7202D5160D06D /* ChatViewModelSuggestedPromptsTests.swift */,
				39263A906F2BCD8731C48571 /* ChatViewModelSystemPromptTests.swift */,
				48DC3E33EC485EEECF12DB8B /* ChatViewModelTests.swift */,
				550872B16205503B4BCE4FAA /* ConflictResolutionTests.swift */,
				975CE4DB52746FB7B7F2A6B5 /* DesignConstantsTests.swift */,
				B9A0D2C0FFE1AA189D2DF325 /* HapticServiceProtocolTests.swift */,
				194B1FF4C7B0BB31CDC9D486 /* LLMConstantsTests.swift */,
				F4FA54C25CA274D1725CA203 /* LLMServiceProtocolTests.swift */,
				7DEAD89CA22611B2DA24DBEF /* MockAppSettings.swift */,
				FF5B7A052A7A4BC30FCA13DE /* MockCalendarActionController.swift */,
				94023D4777FF38FC1EEDE46E /* MockCalendarService.swift */,
				17D791390BF749084622EDDB /* MockChatHistoryManager.swift */,
				A8B46DCC91A680D2C593E5BA /* MockHapticService.swift */,
				99DFD84F401E95BCFA8FA710 /* MockLLMService.swift */,
				4D3166E60D4B3CF0051EEE08 /* MockModelDownloader.swift */,
				419A531854066E5D9E4432DD /* MockSessionManager.swift */,
				2C64AD4CE1465131B306ABDD /* MockSpeechService.swift */,
				1F85334EDFEC8E4B15028C3A /* ModelDownloadViewModelTests.swift */,
				421B7828BBD2ABDEC4FE49DE /* ModelInfoTests.swift */,
				C841C5C8E45A829724806E0B /* PendingCalendarUpdateTests.swift */,
				CDF18FB60111EA76894666C7 /* SessionListViewModelCalendarTests.swift */,
				9AB525B84070359088E650A2 /* SessionListViewModelTests.swift */,
				FA24E90C06ACD14A3337C972 /* SessionManagerMigrationTests.swift */,
				225C2CED08860E986B07CC66 /* SessionManagerTests.swift */,
				592DDB922C3872F1E5FE3E2F /* SettingsViewModelTests.swift */,
				5AF3A9A88F44B2EF6FFA0E0F /* SiriIntentTests.swift */,
				319D9E3FEE6EA868D5389F08 /* SiriPendingEventTests.swift */,
				E48D63B17A7DB85CD907E6B5 /* SnapshotTests.swift */,
				52A9413BED870888AC318A48 /* ViewSmokeTests.swift */,
			);
			path = Tests;
			sourceTree = "<group>";
		};
		9917BE9AF71E65193EC9734A /* Views */ = {
			isa = PBXGroup;
			children = (
				81C28CF37163D73F425B2A11 /* BulkDeletionBar.swift */,
				BA58CD3241A9D95315BF9196 /* CalendarActionPill.swift */,
				722836196C99E28F75C58B9A /* CalendarEventCard.swift */,
				FDA07612EEFA0F90E9EB9382 /* CalendarEventCard+Pending.swift */,
				6BD77AB35272C34A93243F4F /* CalendarEventCard+Subviews.swift */,
				3CCFB720E7470B942D0E9FCF /* CalendarEventListCard.swift */,
				FEC6F0AF069907CCCB456FE5 /* CalendarQueryResultCard.swift */,
				23E71755F4423670B08C5890 /* ChatView.swift */,
				5B0538A80DD26EE46308E9A5 /* ChatView+Subviews.swift */,
				0FC1A7BED055E8911E379967 /* ConflictDetailSheet.swift */,
				EB97E8CCF9E7AC2547764C87 /* CreateEventSheet.swift */,
				5B46BEF3C5A881C6F37E0197 /* DesignConstants.swift */,
				003B25C43CBE913DF321F18A /* MessageBubbleView.swift */,
				571F2AB04B35CA5F7570E1CD /* ModelDownloadView.swift */,
				B6FA46FBE6ABFD92E753D500 /* OnboardingCarouselView.swift */,
				B4F8CCE8E6FB28347D93C869 /* OnboardingView.swift */,
				3293F52DCB45E22040CC1500 /* SessionListView.swift */,
				929E991CDFEEBC85C42D0EC6 /* SettingsView.swift */,
				B0EAE2B8ED67E6015F975408 /* SuggestedPromptsView.swift */,
				D4797A688FBD64A2C9FA9189 /* ThinkingDisclosure.swift */,
				80EB1F543172F8F1C5871341 /* ToastView.swift */,
			);
			path = Views;
			sourceTree = "<group>";
		};
		C47944E80F82BD4C105EADE5 /* Models */ = {
			isa = PBXGroup;
			children = (
				7131BAE76DD35CC9E41BE33E /* CalendarActionModels.swift */,
				101B77275AB89E3FA4DE37C9 /* ChatMessage.swift */,
				835BD8A24AFB478DEA8B6AF6 /* ChatSession.swift */,
				CEF981EFA6472ACC7A4EAC6E /* ModelInfo.swift */,
			);
			path = Models;
			sourceTree = "<group>";
		};
		D30B8770031AEA305FA9C343 /* Intents */ = {
			isa = PBXGroup;
			children = (
				7640B8A1C564B17C9131D052 /* AskPocketMindIntent.swift */,
				FBF9C42766A8F03EB449F566 /* DeleteCalendarEventIntent.swift */,
				100196F990B4C26BC3C25D3F /* PocketMindShortcuts.swift */,
			);
			path = Intents;
			sourceTree = "<group>";
		};
		E0F487E0CB185CC6A2389E88 /* ViewModels */ = {
			isa = PBXGroup;
			children = (
				CE3A60B92E0F13DEFC19126F /* AppSettings.swift */,
				5B3698E8DB08F7CF6C3BCBBB /* AppSettingsProtocol.swift */,
				FC203F3AE416391220185070 /* ChatConstants.swift */,
				B3BF69D3177D4BBE17CC1D1F /* ChatViewModel.swift */,
				1F6F18037F7D32711DD9812B /* ChatViewModel+CalendarConfirmation.swift */,
				B593D0DE636E5F3A4E63D35D /* ChatViewModel+MessageHandling.swift */,
				E2388FFFB16E84FC57B39B65 /* ChatViewModel+SuggestedPrompts.swift */,
				21310A093FE63A08D3D1314E /* ChatViewModel+SystemPrompt.swift */,
				48A715E93E5DD1F8CC56C896 /* ModelDownloadViewModel.swift */,
				B05ECCBA8E2B48FCBA957FEC /* SessionListViewModel.swift */,
				95AC9C8A5BA25C38328688EB /* SettingsViewModel.swift */,
			);
			path = ViewModels;
			sourceTree = "<group>";
		};
		E1655B2260A05B42271CDFC3 = {
			isa = PBXGroup;
			children = (
				0A48CC053D6CA75C57D4094D /* Packages */,
				546DECE501C8E6EAFE45121D /* Sources */,
				7D5F28ADCF9EA56741A8AD0C /* Tests */,
				38B25B0EF8375FC325BBA43F /* Products */,
			);
			sourceTree = "<group>";
		};
/* End PBXGroup section */

/* Begin PBXNativeTarget section */
		1D0CA2ECB46D2B4FDA80A257 /* PocketMind */ = {
			isa = PBXNativeTarget;
			buildConfigurationList = 0454AEED2E5303BEEF577B80 /* Build configuration list for PBXNativeTarget "PocketMind" */;
			buildPhases = (
				C1D58995A726578962E8A5E8 /* Sources */,
				29DEBFBE883BBD5B67306C0E /* Resources */,
				35179A794DF841764282CE7A /* Frameworks */,
			);
			buildRules = (
			);
			dependencies = (
			);
			name = PocketMind;
			packageProductDependencies = (
				B668BB645B31666F0197D789 /* llama */,
			);
			productName = PocketMind;
			productReference = AC62D105304C003E0302B09B /* PocketMind.app */;
			productType = "com.apple.product-type.application";
		};
		CD9E3C191D564FBF4E88DFCC /* PocketMindTests */ = {
			isa = PBXNativeTarget;
			buildConfigurationList = C58ECE3489A0BEEBAE4380E3 /* Build configuration list for PBXNativeTarget "PocketMindTests" */;
			buildPhases = (
				360F174056A6AE2A50547E41 /* Sources */,
				2DF541C3B272B1925C46463B /* Frameworks */,
			);
			buildRules = (
			);
			dependencies = (
				3F7523867B3E778925F927CD /* PBXTargetDependency */,
			);
			name = PocketMindTests;
			packageProductDependencies = (
				93427C78368A8A8C5B86F73F /* SnapshotTesting */,
			);
			productName = PocketMindTests;
			productReference = 496CEA815F3CE084AE84F4DB /* PocketMindTests.xctest */;
			productType = "com.apple.product-type.bundle.unit-test";
		};
/* End PBXNativeTarget section */

/* Begin PBXProject section */
		6D1E71B52054D88B58BBE3A8 /* Project object */ = {
			isa = PBXProject;
			attributes = {
				BuildIndependentTargetsInParallel = YES;
				LastUpgradeCheck = 1600;
				TargetAttributes = {
					1D0CA2ECB46D2B4FDA80A257 = {
						DevelopmentTeam = KRPUAN3FFA;
						ProvisioningStyle = Automatic;
					};
					CD9E3C191D564FBF4E88DFCC = {
						DevelopmentTeam = KRPUAN3FFA;
						ProvisioningStyle = Automatic;
					};
				};
			};
			buildConfigurationList = 03AF380065B3222D502B9B57 /* Build configuration list for PBXProject "PocketMind" */;
			developmentRegion = en;
			hasScannedForEncodings = 0;
			knownRegions = (
				Base,
				en,
			);
			mainGroup = E1655B2260A05B42271CDFC3;
			minimizedProjectReferenceProxies = 1;
			packageReferences = (
				063B8066BFC0CF4C368F7D38 /* XCRemoteSwiftPackageReference "swift-snapshot-testing" */,
				7CC70F680DA36D242BBE7468 /* XCLocalSwiftPackageReference "Packages/llama" */,
			);
			preferredProjectObjectVersion = 77;
			productRefGroup = 38B25B0EF8375FC325BBA43F /* Products */;
			projectDirPath = "";
			projectRoot = "";
			targets = (
				1D0CA2ECB46D2B4FDA80A257 /* PocketMind */,
				CD9E3C191D564FBF4E88DFCC /* PocketMindTests */,
			);
		};
/* End PBXProject section */

/* Begin PBXResourcesBuildPhase section */
		29DEBFBE883BBD5B67306C0E /* Resources */ = {
			isa = PBXResourcesBuildPhase;
			buildActionMask = 2147483647;
			files = (
				F53FB960C47B3F9085D694D2 /* Assets.xcassets in Resources */,
			);
			runOnlyForDeploymentPostprocessing = 0;
		};
/* End PBXResourcesBuildPhase section */

/* Begin PBXSourcesBuildPhase section */
		360F174056A6AE2A50547E41 /* Sources */ = {
			isa = PBXSourcesBuildPhase;
			buildActionMask = 2147483647;
			files = (
				7FD1A8EB03C6602E234B46A7 /* AppSettingsTests.swift in Sources */,
				2D31B4AB8844CE2CC3FA03E1 /* CalendarActionControllerHelpersTests.swift in Sources */,
				1634999F0F030CDEFE9A206C /* CalendarActionControllerTests.swift in Sources */,
				61B26B4499723F89FA4482BC /* CalendarConfirmationTests.swift in Sources */,
				554C40156A320AC04E291AEE /* CalendarDomainTypesTests.swift in Sources */,
				68E25BC8D2B5153FBCA73601 /* CalendarFreeSlotEngineTests.swift in Sources */,
				A3C93B45B8009FED37A10B9F /* CalendarFreeSlotIntegrationTests.swift in Sources */,
				601AAD971476A146EA5E10D5 /* ChatHistoryManagerTests.swift in Sources */,
				6763616F470DA3FF5A2DAEFF /* ChatMessageTests.swift in Sources */,
				10866FB271B0DA46D352AE87 /* ChatViewModelEdgeCaseTests.swift in Sources */,
				3CF42EB63B7B6FCBE27AD9A7 /* ChatViewModelMessageHandlingTests.swift in Sources */,
				21EDCEE9D48E81CFF779C036 /* ChatViewModelSuggestedPromptsTests.swift in Sources */,
				DDEE306A7A5BEFDFFB1E912B /* ChatViewModelSystemPromptTests.swift in Sources */,
				E42449B54D7950415655003F /* ChatViewModelTests.swift in Sources */,
				529DEEEE2E49F6FD86F8AD2D /* ConflictResolutionTests.swift in Sources */,
				FD187CBC9CB71912A906AF74 /* DesignConstantsTests.swift in Sources */,
				3729B6D0AF8163910802B64A /* HapticServiceProtocolTests.swift in Sources */,
				EDF99C8D3D97091419B46DE8 /* LLMConstantsTests.swift in Sources */,
				5115B3615E96F147E77E1793 /* LLMServiceProtocolTests.swift in Sources */,
				520DB96749326B45B22F49C8 /* MockAppSettings.swift in Sources */,
				E8E19CC42B403C1212B1DB15 /* MockCalendarActionController.swift in Sources */,
				20BAF5E20E31B5A67A76066E /* MockCalendarService.swift in Sources */,
				FB2281032EBDBDD8B8D8E193 /* MockChatHistoryManager.swift in Sources */,
				E838880E9B61E243583DCE3A /* MockHapticService.swift in Sources */,
				7189EF0A399097DCFF16C0F6 /* MockLLMService.swift in Sources */,
				53DE1688C46CF73D276726AF /* MockModelDownloader.swift in Sources */,
				1E9EBF96B88F7976BF0A58E4 /* MockSessionManager.swift in Sources */,
				F56928345943FBAED3001A0B /* MockSpeechService.swift in Sources */,
				5CE3EEF4B7967FEF6D0CDE0F /* ModelDownloadViewModelTests.swift in Sources */,
				017190099DE2F81C3A1BB925 /* ModelInfoTests.swift in Sources */,
				EB26AEB1E89D0B19172AC92E /* PendingCalendarUpdateTests.swift in Sources */,
				CAEF4586AAEA36B0C863D27E /* SessionListViewModelCalendarTests.swift in Sources */,
				DB4ECE27A3F80A715C94E696 /* SessionListViewModelTests.swift in Sources */,
				0F65F0CDED684A8919E3A5CF /* SessionManagerMigrationTests.swift in Sources */,
				D4B0FE3DD67176C2E52DF474 /* SessionManagerTests.swift in Sources */,
				BB116DAEF827E61A46D747E5 /* SettingsViewModelTests.swift in Sources */,
				056D8A1F1E97FCF836F063CA /* SiriIntentTests.swift in Sources */,
				D34B0AE50035193B5A471056 /* SiriPendingEventTests.swift in Sources */,
				D98B4DB26D9A600448AFBDB4 /* SnapshotTests.swift in Sources */,
				8DDD7EC34B7FC9EEB09F3AF9 /* ViewSmokeTests.swift in Sources */,
			);
			runOnlyForDeploymentPostprocessing = 0;
		};
		C1D58995A726578962E8A5E8 /* Sources */ = {
			isa = PBXSourcesBuildPhase;
			buildActionMask = 2147483647;
			files = (
				4D49FAA4655A3B1CB99DBF76 /* AppDelegate.swift in Sources */,
				969B8DD5A0DCF602F43C9AB0 /* AppSettings.swift in Sources */,
				F842A52D4959258BEF69889D /* AppSettingsProtocol.swift in Sources */,
				21E8B7C0C64A6388563776BF /* AskPocketMindIntent.swift in Sources */,
				A783372E3A6B9481B83A1321 /* BulkDeletionBar.swift in Sources */,
				996FB291E8A13725D7B6050D /* CalendarActionController+Helpers.swift in Sources */,
				C527E8CB5A979BDF1B29A51B /* CalendarActionController.swift in Sources */,
				3A2FEE9193A6769FE13D4027 /* CalendarActionModels.swift in Sources */,
				3981175B8F90E3B1BBEC297D /* CalendarActionPill.swift in Sources */,
				926042D74A107BB25DFFA344 /* CalendarError.swift in Sources */,
				906F5D6C4C38916E11A2E8E7 /* CalendarEventCard+Pending.swift in Sources */,
				D8071441B02EAC6D21FD5DF4 /* CalendarEventCard+Subviews.swift in Sources */,
				3D71FD1AC59971853AC53B14 /* CalendarEventCard.swift in Sources */,
				AF97A59E372AEA310DE4977E /* CalendarEventListCard.swift in Sources */,
				E46A32B6AA3CD28B24852703 /* CalendarFreeSlotEngine.swift in Sources */,
				FE5EE4637EB6383122F9A17C /* CalendarQueryResultCard.swift in Sources */,
				A5C77BCA78790115E658B337 /* CalendarService.swift in Sources */,
				81424EB1A8D27DE59BDA6711 /* CalendarServiceProtocol.swift in Sources */,
				2CF8FEFCFDA6BAFD7F44C21B /* ChatConstants.swift in Sources */,
				DCD7844CFE3F3C559225633C /* ChatHistoryManager.swift in Sources */,
				573DE30FB5E1F48175825B86 /* ChatMessage.swift in Sources */,
				B12902D6ADBD80A907F7F9C2 /* ChatSession.swift in Sources */,
				0653E513A9C37836627EB7E9 /* ChatView+Subviews.swift in Sources */,
				4D9A3A3F26324F74BA3105A3 /* ChatView.swift in Sources */,
				8EDF62074A60DDCB037EFC53 /* ChatViewModel+CalendarConfirmation.swift in Sources */,
				067DBF200EB87D7549511017 /* ChatViewModel+MessageHandling.swift in Sources */,
				8776E75C7D7B970EDBD3839E /* ChatViewModel+SuggestedPrompts.swift in Sources */,
				6D98D3562341380303569896 /* ChatViewModel+SystemPrompt.swift in Sources */,
				C033C2F0B82EDB5CEC33DC7B /* ChatViewModel.swift in Sources */,
				2EC95E8574DAEECF027620DD /* ConflictDetailSheet.swift in Sources */,
				90F821364EC9DE5B6091C8A6 /* ContentView.swift in Sources */,
				B731530A7072A37D22A7B7B7 /* CreateEventSheet.swift in Sources */,
				9CFDCFB95D5F27EDAF4BF3BC /* DeleteCalendarEventIntent.swift in Sources */,
				4FE49E5414C9BF35D5D39E03 /* DesignConstants.swift in Sources */,
				B7ECE3E7A8DDB6246FA44134 /* HapticService.swift in Sources */,
				6A132CF41A20258F746B8CD5 /* LLMService.swift in Sources */,
				38613A4E38E15A30F0E15449 /* LLMServiceProtocol.swift in Sources */,
				26ED0B1C3F7A06AB8EC47347 /* LlamaActor.swift in Sources */,
				F9484C88F0637E07F846649D /* MessageBubbleView.swift in Sources */,
				57DDE7836359DA32F1BFF161 /* ModelDownloadView.swift in Sources */,
				68EFEE10CA6D6CAF754FD74A /* ModelDownloadViewModel.swift in Sources */,
				5A174F4502C64FC6535170A2 /* ModelDownloader.swift in Sources */,
				6E71EBE2DE405A9C62CDC87A /* ModelInfo.swift in Sources */,
				597E2E6176442FDE6FAF99CD /* OnboardingCarouselView.swift in Sources */,
				29AF9C1644EB1DBA9EC822A5 /* OnboardingView.swift in Sources */,
				4A58AC0F867DF8A7A811A85D /* PocketMindApp.swift in Sources */,
				268F3CCC33CF4B86F016B5AD /* PocketMindShortcuts.swift in Sources */,
				DBD2DA7E4CF201196C9B3D82 /* SessionListView.swift in Sources */,
				5232063AC36F4876D694A89D /* SessionListViewModel.swift in Sources */,
				E7D13B3D910E7EE43046D1F3 /* SessionManager.swift in Sources */,
				D8AA6370CAF98BE9F55733A3 /* SettingsView.swift in Sources */,
				A49F828336DE087919543E16 /* SettingsViewModel.swift in Sources */,
				22DD8B453E83D972404B1141 /* SpeechService.swift in Sources */,
				0D85BD28C66B4AD418A1E85A /* SpeechServiceProtocol.swift in Sources */,
				30C27172EEDDEFEDA9024C39 /* SuggestedPromptsView.swift in Sources */,
				8E992579DACB482D55CB45E6 /* ThinkingDisclosure.swift in Sources */,
				3A09F44096102E4C913E6902 /* ToastView.swift in Sources */,
			);
			runOnlyForDeploymentPostprocessing = 0;
		};
/* End PBXSourcesBuildPhase section */

/* Begin PBXTargetDependency section */
		3F7523867B3E778925F927CD /* PBXTargetDependency */ = {
			isa = PBXTargetDependency;
			target = 1D0CA2ECB46D2B4FDA80A257 /* PocketMind */;
			targetProxy = 6F2387FF6022A86ADA1806D0 /* PBXContainerItemProxy */;
		};
/* End PBXTargetDependency section */

/* Begin XCBuildConfiguration section */
		3C0B0B1AFDFE411FF771668B /* Release */ = {
			isa = XCBuildConfiguration;
			buildSettings = {
				ASSETCATALOG_COMPILER_APPICON_NAME = AppIcon;
				ASSETCATALOG_COMPILER_GLOBAL_ACCENT_COLOR_NAME = AccentColor;
				CODE_SIGN_ENTITLEMENTS = Sources/App/PocketMind.entitlements;
				CODE_SIGN_IDENTITY = "iPhone Developer";
				CODE_SIGN_STYLE = Automatic;
				DEVELOPMENT_TEAM = KRPUAN3FFA;
				ENABLE_HARDENED_RUNTIME = YES;
				INFOPLIST_FILE = Sources/App/Info.plist;
				IPHONEOS_DEPLOYMENT_TARGET = 18.0;
				LD_RUNPATH_SEARCH_PATHS = (
					"$(inherited)",
					"@executable_path/Frameworks",
				);
				PRODUCT_BUNDLE_IDENTIFIER = app.pocketmind;
				SDKROOT = iphoneos;
				SWIFT_VERSION = 6.0;
				TARGETED_DEVICE_FAMILY = "1,2";
			};
			name = Release;
		};
		67919A695D2B95FAAF5B3849 /* Release */ = {
			isa = XCBuildConfiguration;
			buildSettings = {
				BUNDLE_LOADER = "$(TEST_HOST)";
				CODE_SIGN_STYLE = Automatic;
				DEVELOPMENT_TEAM = KRPUAN3FFA;
				GENERATE_INFOPLIST_FILE = YES;
				IPHONEOS_DEPLOYMENT_TARGET = 18.0;
				LD_RUNPATH_SEARCH_PATHS = (
					"$(inherited)",
					"@executable_path/Frameworks",
					"@loader_path/Frameworks",
				);
				PRODUCT_BUNDLE_IDENTIFIER = app.pocketmind.tests;
				SDKROOT = iphoneos;
				SWIFT_VERSION = 6.0;
				TARGETED_DEVICE_FAMILY = "1,2";
				TEST_HOST = "$(BUILT_PRODUCTS_DIR)/PocketMind.app/PocketMind";
			};
			name = Release;
		};
		8B214DF00E0750B6F2FEEEE2 /* Release */ = {
			isa = XCBuildConfiguration;
			buildSettings = {
				ALWAYS_SEARCH_USER_PATHS = NO;
				CLANG_ANALYZER_NONNULL = YES;
				CLANG_ANALYZER_NUMBER_OBJECT_CONVERSION = YES_AGGRESSIVE;
				CLANG_CXX_LANGUAGE_STANDARD = "gnu++14";
				CLANG_CXX_LIBRARY = "libc++";
				CLANG_ENABLE_MODULES = YES;
				CLANG_ENABLE_OBJC_ARC = YES;
				CLANG_ENABLE_OBJC_WEAK = YES;
				CLANG_WARN_BLOCK_CAPTURE_AUTORELEASING = YES;
				CLANG_WARN_BOOL_CONVERSION = YES;
				CLANG_WARN_COMMA = YES;
				CLANG_WARN_CONSTANT_CONVERSION = YES;
				CLANG_WARN_DEPRECATED_OBJC_IMPLEMENTATIONS = YES;
				CLANG_WARN_DIRECT_OBJC_ISA_USAGE = YES_ERROR;
				CLANG_WARN_DOCUMENTATION_COMMENTS = YES;
				CLANG_WARN_EMPTY_BODY = YES;
				CLANG_WARN_ENUM_CONVERSION = YES;
				CLANG_WARN_INFINITE_RECURSION = YES;
				CLANG_WARN_INT_CONVERSION = YES;
				CLANG_WARN_NON_LITERAL_NULL_CONVERSION = YES;
				CLANG_WARN_OBJC_IMPLICIT_RETAIN_SELF = YES;
				CLANG_WARN_OBJC_LITERAL_CONVERSION = YES;
				CLANG_WARN_OBJC_ROOT_CLASS = YES_ERROR;
				CLANG_WARN_QUOTED_INCLUDE_IN_FRAMEWORK_HEADER = YES;
				CLANG_WARN_RANGE_LOOP_ANALYSIS = YES;
				CLANG_WARN_STRICT_PROTOTYPES = YES;
				CLANG_WARN_SUSPICIOUS_MOVE = YES;
				CLANG_WARN_UNGUARDED_AVAILABILITY = YES_AGGRESSIVE;
				CLANG_WARN_UNREACHABLE_CODE = YES;
				CLANG_WARN__DUPLICATE_METHOD_MATCH = YES;
				COPY_PHASE_STRIP = NO;
				DEBUG_INFORMATION_FORMAT = "dwarf-with-dsym";
				ENABLE_NS_ASSERTIONS = NO;
				ENABLE_STRICT_OBJC_MSGSEND = YES;
				GCC_C_LANGUAGE_STANDARD = gnu11;
				GCC_NO_COMMON_BLOCKS = YES;
				GCC_WARN_64_TO_32_BIT_CONVERSION = YES;
				GCC_WARN_ABOUT_RETURN_TYPE = YES_ERROR;
				GCC_WARN_UNDECLARED_SELECTOR = YES;
				GCC_WARN_UNINITIALIZED_AUTOS = YES_AGGRESSIVE;
				GCC_WARN_UNUSED_FUNCTION = YES;
				GCC_WARN_UNUSED_VARIABLE = YES;
				IPHONEOS_DEPLOYMENT_TARGET = 18.0;
				MTL_ENABLE_DEBUG_INFO = NO;
				MTL_FAST_MATH = YES;
				PRODUCT_NAME = "$(TARGET_NAME)";
				SDKROOT = iphoneos;
				SWIFT_COMPILATION_MODE = wholemodule;
				SWIFT_OPTIMIZATION_LEVEL = "-O";
				SWIFT_VERSION = 5.0;
			};
			name = Release;
		};
		ADD0A54FFC4065638F3D408E /* Debug */ = {
			isa = XCBuildConfiguration;
			buildSettings = {
				ALWAYS_SEARCH_USER_PATHS = NO;
				CLANG_ANALYZER_NONNULL = YES;
				CLANG_ANALYZER_NUMBER_OBJECT_CONVERSION = YES_AGGRESSIVE;
				CLANG_CXX_LANGUAGE_STANDARD = "gnu++14";
				CLANG_CXX_LIBRARY = "libc++";
				CLANG_ENABLE_MODULES = YES;
				CLANG_ENABLE_OBJC_ARC = YES;
				CLANG_ENABLE_OBJC_WEAK = YES;
				CLANG_WARN_BLOCK_CAPTURE_AUTORELEASING = YES;
				CLANG_WARN_BOOL_CONVERSION = YES;
				CLANG_WARN_COMMA = YES;
				CLANG_WARN_CONSTANT_CONVERSION = YES;
				CLANG_WARN_DEPRECATED_OBJC_IMPLEMENTATIONS = YES;
				CLANG_WARN_DIRECT_OBJC_ISA_USAGE = YES_ERROR;
				CLANG_WARN_DOCUMENTATION_COMMENTS = YES;
				CLANG_WARN_EMPTY_BODY = YES;
				CLANG_WARN_ENUM_CONVERSION = YES;
				CLANG_WARN_INFINITE_RECURSION = YES;
				CLANG_WARN_INT_CONVERSION = YES;
				CLANG_WARN_NON_LITERAL_NULL_CONVERSION = YES;
				CLANG_WARN_OBJC_IMPLICIT_RETAIN_SELF = YES;
				CLANG_WARN_OBJC_LITERAL_CONVERSION = YES;
				CLANG_WARN_OBJC_ROOT_CLASS = YES_ERROR;
				CLANG_WARN_QUOTED_INCLUDE_IN_FRAMEWORK_HEADER = YES;
				CLANG_WARN_RANGE_LOOP_ANALYSIS = YES;
				CLANG_WARN_STRICT_PROTOTYPES = YES;
				CLANG_WARN_SUSPICIOUS_MOVE = YES;
				CLANG_WARN_UNGUARDED_AVAILABILITY = YES_AGGRESSIVE;
				CLANG_WARN_UNREACHABLE_CODE = YES;
				CLANG_WARN__DUPLICATE_METHOD_MATCH = YES;
				COPY_PHASE_STRIP = NO;
				DEBUG_INFORMATION_FORMAT = dwarf;
				ENABLE_STRICT_OBJC_MSGSEND = YES;
				ENABLE_TESTABILITY = YES;
				GCC_C_LANGUAGE_STANDARD = gnu11;
				GCC_DYNAMIC_NO_PIC = NO;
				GCC_NO_COMMON_BLOCKS = YES;
				GCC_OPTIMIZATION_LEVEL = 0;
				GCC_PREPROCESSOR_DEFINITIONS = (
					"$(inherited)",
					"DEBUG=1",
				);
				GCC_WARN_64_TO_32_BIT_CONVERSION = YES;
				GCC_WARN_ABOUT_RETURN_TYPE = YES_ERROR;
				GCC_WARN_UNDECLARED_SELECTOR = YES;
				GCC_WARN_UNINITIALIZED_AUTOS = YES_AGGRESSIVE;
				GCC_WARN_UNUSED_FUNCTION = YES;
				GCC_WARN_UNUSED_VARIABLE = YES;
				IPHONEOS_DEPLOYMENT_TARGET = 18.0;
				MTL_ENABLE_DEBUG_INFO = INCLUDE_SOURCE;
				MTL_FAST_MATH = YES;
				ONLY_ACTIVE_ARCH = YES;
				PRODUCT_NAME = "$(TARGET_NAME)";
				SDKROOT = iphoneos;
				SWIFT_ACTIVE_COMPILATION_CONDITIONS = DEBUG;
				SWIFT_OPTIMIZATION_LEVEL = "-Onone";
				SWIFT_VERSION = 5.0;
			};
			name = Debug;
		};
		BC21EE0DBE224777F0D4BD93 /* Debug */ = {
			isa = XCBuildConfiguration;
			buildSettings = {
				ASSETCATALOG_COMPILER_APPICON_NAME = AppIcon;
				ASSETCATALOG_COMPILER_GLOBAL_ACCENT_COLOR_NAME = AccentColor;
				CODE_SIGN_ENTITLEMENTS = Sources/App/PocketMind.entitlements;
				CODE_SIGN_IDENTITY = "iPhone Developer";
				CODE_SIGN_STYLE = Automatic;
				DEVELOPMENT_TEAM = KRPUAN3FFA;
				ENABLE_HARDENED_RUNTIME = YES;
				INFOPLIST_FILE = Sources/App/Info.plist;
				IPHONEOS_DEPLOYMENT_TARGET = 18.0;
				LD_RUNPATH_SEARCH_PATHS = (
					"$(inherited)",
					"@executable_path/Frameworks",
				);
				PRODUCT_BUNDLE_IDENTIFIER = app.pocketmind;
				SDKROOT = iphoneos;
				SWIFT_VERSION = 6.0;
				TARGETED_DEVICE_FAMILY = "1,2";
			};
			name = Debug;
		};
		C0ECFCBC1B1C9B2F94C4878F /* Debug */ = {
			isa = XCBuildConfiguration;
			buildSettings = {
				BUNDLE_LOADER = "$(TEST_HOST)";
				CODE_SIGN_STYLE = Automatic;
				DEVELOPMENT_TEAM = KRPUAN3FFA;
				GENERATE_INFOPLIST_FILE = YES;
				IPHONEOS_DEPLOYMENT_TARGET = 18.0;
				LD_RUNPATH_SEARCH_PATHS = (
					"$(inherited)",
					"@executable_path/Frameworks",
					"@loader_path/Frameworks",
				);
				PRODUCT_BUNDLE_IDENTIFIER = app.pocketmind.tests;
				SDKROOT = iphoneos;
				SWIFT_VERSION = 6.0;
				TARGETED_DEVICE_FAMILY = "1,2";
				TEST_HOST = "$(BUILT_PRODUCTS_DIR)/PocketMind.app/PocketMind";
			};
			name = Debug;
		};
/* End XCBuildConfiguration section */

/* Begin XCConfigurationList section */
		03AF380065B3222D502B9B57 /* Build configuration list for PBXProject "PocketMind" */ = {
			isa = XCConfigurationList;
			buildConfigurations = (
				ADD0A54FFC4065638F3D408E /* Debug */,
				8B214DF00E0750B6F2FEEEE2 /* Release */,
			);
			defaultConfigurationIsVisible = 0;
			defaultConfigurationName = Debug;
		};
		0454AEED2E5303BEEF577B80 /* Build configuration list for PBXNativeTarget "PocketMind" */ = {
			isa = XCConfigurationList;
			buildConfigurations = (
				BC21EE0DBE224777F0D4BD93 /* Debug */,
				3C0B0B1AFDFE411FF771668B /* Release */,
			);
			defaultConfigurationIsVisible = 0;
			defaultConfigurationName = Debug;
		};
		C58ECE3489A0BEEBAE4380E3 /* Build configuration list for PBXNativeTarget "PocketMindTests" */ = {
			isa = XCConfigurationList;
			buildConfigurations = (
				C0ECFCBC1B1C9B2F94C4878F /* Debug */,
				67919A695D2B95FAAF5B3849 /* Release */,
			);
			defaultConfigurationIsVisible = 0;
			defaultConfigurationName = Debug;
		};
/* End XCConfigurationList section */

/* Begin XCLocalSwiftPackageReference section */
		7CC70F680DA36D242BBE7468 /* XCLocalSwiftPackageReference "Packages/llama" */ = {
			isa = XCLocalSwiftPackageReference;
			relativePath = Packages/llama;
		};
/* End XCLocalSwiftPackageReference section */

/* Begin XCRemoteSwiftPackageReference section */
		063B8066BFC0CF4C368F7D38 /* XCRemoteSwiftPackageReference "swift-snapshot-testing" */ = {
			isa = XCRemoteSwiftPackageReference;
			repositoryURL = "https://github.com/pointfreeco/swift-snapshot-testing";
			requirement = {
				kind = upToNextMajorVersion;
				minimumVersion = 1.16.0;
			};
		};
/* End XCRemoteSwiftPackageReference section */

/* Begin XCSwiftPackageProductDependency section */
		93427C78368A8A8C5B86F73F /* SnapshotTesting */ = {
			isa = XCSwiftPackageProductDependency;
			package = 063B8066BFC0CF4C368F7D38 /* XCRemoteSwiftPackageReference "swift-snapshot-testing" */;
			productName = SnapshotTesting;
		};
		B668BB645B31666F0197D789 /* llama */ = {
			isa = XCSwiftPackageProductDependency;
			productName = llama;
		};
/* End XCSwiftPackageProductDependency section */
	};
	rootObject = 6D1E71B52054D88B58BBE3A8 /* Project object */;
}
